
Microsoft Visual Studio Solution File, Format Version 12.00
# Visual Studio Version 16
VisualStudioVersion = 16.0.31410.357
MinimumVisualStudioVersion = 10.0.40219.1
Project("{FAE04EC0-301F-11D3-BF4B-00C04F79EFBC}") = "StudyPlayground", "StudyPlayground\StudyPlayground.csproj", "{F26AF0DD-A089-44FF-8124-35B9387A3C9D}"
EndProject
Global
	GlobalSection(SolutionConfigurationPlatforms) = preSolution
		Debug|Any CPU = Debug|Any CPU
		Release|Any CPU = Release|Any CPU
	EndGlobalSection
	GlobalSection(ProjectConfigurationPlatforms) = postSolution
		{F26AF0DD-A089-44FF-8124-35B9387A3C9D}.Debug|Any CPU.ActiveCfg = Debug|Any CPU
		{F26AF0DD-A089-44FF-8124-35B9387A3C9D}.Debug|Any CPU.Build.0 = Debug|Any CPU
		{F26AF0DD-A089-44FF-8124-35B9387A3C9D}.Release|Any CPU.ActiveCfg = Release|Any CPU
		{F26AF0DD-A089-44FF-8124-35B9387A3C9D}.Release|Any CPU.Build.0 = Release|Any CPU
	EndGlobalSection
	GlobalSection(SolutionProperties) = preSolution
		HideSolutionNode = FALSE
	EndGlobalSection
	GlobalSection(ExtensibilityGlobals) = postSolution
		SolutionGuid = {0B4BCDF3-E349-4EB0-B303-7E320B67EFE3}
	EndGlobalSection
EndGlobal
